
Microsoft Visual Studio Solution File, Format Version 12.00
# Visual Studio Version 17
VisualStudioVersion = 17.9.34616.47
MinimumVisualStudioVersion = 10.0.40219.1
Project("{FAE04EC0-301F-11D3-BF4B-00C04F79EFBC}") = "BookStore", "BookStore.csproj", "{EA752EA6-5A4C-4516-9FF5-2472B449EEDA}"
EndProject
Global
	GlobalSection(SolutionConfigurationPlatforms) = preSolution
		Debug|Any CPU = Debug|Any CPU
		Release|Any CPU = Release|Any CPU
	EndGlobalSection
	GlobalSection(ProjectConfigurationPlatforms) = postSolution
		{EA752EA6-5A4C-4516-9FF5-2472B449EEDA}.Debug|Any CPU.ActiveCfg = Debug|Any CPU
		{EA752EA6-5A4C-4516-9FF5-2472B449EEDA}.Debug|Any CPU.Build.0 = Debug|Any CPU
		{EA752EA6-5A4C-4516-9FF5-2472B449EEDA}.Release|Any CPU.ActiveCfg = Release|Any CPU
		{EA752EA6-5A4C-4516-9FF5-2472B449EEDA}.Release|Any CPU.Build.0 = Release|Any CPU
	EndGlobalSection
	GlobalSection(SolutionProperties) = preSolution
		HideSolutionNode = FALSE
	EndGlobalSection
	GlobalSection(ExtensibilityGlobals) = postSolution
		SolutionGuid = {09FCBDEE-36F4-4947-A151-65701D253570}
	EndGlobalSection
EndGlobal
